{
  "name": "pay",
  "lockfileVersion": 3,
  "requires": true,
  "packages": {
    "": {
      "name": "pay",
      "dependencies": {
        "dayjs": "^1.11.7",
        "uni-id-common": "file:../../../src/uni_modules/uni-id-common/uniCloud/cloudfunctions/common/uni-id-common",
        "uni-open-bridge-common": "file:../../../src/uni_modules/uni-open-bridge-common/uniCloud/cloudfunctions/common/uni-open-bridge-common",
        "uni-pay": "file:../../../src/uni_modules/uni-pay/uniCloud/cloudfunctions/common/uni-pay"
      }
    },
    "../../../src/uni_modules/uni-id-common/uniCloud/cloudfunctions/common/uni-id-common": {
      "version": "1.0.13",
      "license": "Apache-2.0",
      "dependencies": {
        "uni-config-center": "file:../../../../../uni-config-center/uniCloud/cloudfunctions/common/uni-config-center"
      }
    },
    "../../../src/uni_modules/uni-open-bridge-common/uniCloud/cloudfunctions/common/uni-open-bridge-common": {
      "version": "1.0.0",
      "license": "ISC",
      "dependencies": {
        "uni-config-center": "file:../../../../../uni-config-center/uniCloud/cloudfunctions/common/uni-config-center"
      }
    },
    "../../../src/uni_modules/uni-pay/uniCloud/cloudfunctions/common/uni-pay": {
      "version": "1.1.1",
      "license": "Apache-2.0",
      "devDependencies": {}
    },
    "node_modules/dayjs": {
      "version": "1.11.7",
      "license": "MIT"
    },
    "node_modules/uni-id-common": {
      "resolved": "../../../src/uni_modules/uni-id-common/uniCloud/cloudfunctions/common/uni-id-common",
      "link": true
    },
    "node_modules/uni-open-bridge-common": {
      "resolved": "../../../src/uni_modules/uni-open-bridge-common/uniCloud/cloudfunctions/common/uni-open-bridge-common",
      "link": true
    },
    "node_modules/uni-pay": {
      "resolved": "../../../src/uni_modules/uni-pay/uniCloud/cloudfunctions/common/uni-pay",
      "link": true
    }
  }
}
